// !$*UTF8*$!
{
	archiveVersion = 1;
	classes = {
	};
	objectVersion = 51;
	objects = {

/* Begin PBXBuildFile section */
		263F6F34152C3BE3C2AFA9B2 /* Pods_DexTest.framework in Frameworks */ = {isa = PBXBuildFile; fileRef = ABB939DBB7F52D6859C77C52 /* Pods_DexTest.framework */; };
		7E5E89A2BB0689CE1276E31C /* Pods_DexTestTests.framework in Frameworks */ = {isa = PBXBuildFile; fileRef = 0D95E77514F2223B051740E9 /* Pods_DexTestTests.framework */; };
		AC2493B42350AF2900112C73 /* HomePresenter.swift in Sources */ = {isa = PBXBuildFile; fileRef = AC2493B32350AF2900112C73 /* HomePresenter.swift */; };
		AC2493B62350AF8800112C73 /* ItemsDataSource.swift in Sources */ = {isa = PBXBuildFile; fileRef = AC2493B52350AF8800112C73 /* ItemsDataSource.swift */; };
		AC2493BA2350AFED00112C73 /* Item.swift in Sources */ = {isa = PBXBuildFile; fileRef = AC2493B92350AFED00112C73 /* Item.swift */; };
		AC2493BC2350B11500112C73 /* BaseViewContract.swift in Sources */ = {isa = PBXBuildFile; fileRef = AC2493BB2350B11500112C73 /* BaseViewContract.swift */; };
		AC2493BE2350B14F00112C73 /* ItemsViewModel.swift in Sources */ = {isa = PBXBuildFile; fileRef = AC2493BD2350B14F00112C73 /* ItemsViewModel.swift */; };
		AC2493C12350B3D300112C73 /* HomeViewContract.swift in Sources */ = {isa = PBXBuildFile; fileRef = AC2493C02350B3D300112C73 /* HomeViewContract.swift */; };
		AC2493C52350B61400112C73 /* HomeViewController.swift in Sources */ = {isa = PBXBuildFile; fileRef = AC2493C32350B61400112C73 /* HomeViewController.swift */; };
		AC2493C62350B61400112C73 /* HomeViewController.xib in Resources */ = {isa = PBXBuildFile; fileRef = AC2493C42350B61400112C73 /* HomeViewController.xib */; };
		AC2493C92350B90800112C73 /* ItemTableViewCell.swift in Sources */ = {isa = PBXBuildFile; fileRef = AC2493C72350B90800112C73 /* ItemTableViewCell.swift */; };
		AC2493CA2350B90800112C73 /* ItemTableViewCell.xib in Resources */ = {isa = PBXBuildFile; fileRef = AC2493C82350B90800112C73 /* ItemTableViewCell.xib */; };
		AC2493CC2350BF0100112C73 /* ItemsRepository.swift in Sources */ = {isa = PBXBuildFile; fileRef = AC2493CB2350BF0100112C73 /* ItemsRepository.swift */; };
		ACD5AF4B2350A97100A1DAA0 /* AppDelegate.swift in Sources */ = {isa = PBXBuildFile; fileRef = ACD5AF4A2350A97100A1DAA0 /* AppDelegate.swift */; };
		ACD5AF4F2350A97100A1DAA0 /* ViewController.swift in Sources */ = {isa = PBXBuildFile; fileRef = ACD5AF4E2350A97100A1DAA0 /* ViewController.swift */; };
		ACD5AF522350A97100A1DAA0 /* Main.storyboard in Resources */ = {isa = PBXBuildFile; fileRef = ACD5AF502350A97100A1DAA0 /* Main.storyboard */; };
		ACD5AF552350A97100A1DAA0 /* DexTest.xcdatamodeld in Sources */ = {isa = PBXBuildFile; fileRef = ACD5AF532350A97100A1DAA0 /* DexTest.xcdatamodeld */; };
		ACD5AF572350A9AC00A1DAA0 /* Assets.xcassets in Resources */ = {isa = PBXBuildFile; fileRef = ACD5AF562350A9AC00A1DAA0 /* Assets.xcassets */; };
		ACD5AF5A2350A9AC00A1DAA0 /* LaunchScreen.storyboard in Resources */ = {isa = PBXBuildFile; fileRef = ACD5AF582350A9AC00A1DAA0 /* LaunchScreen.storyboard */; };
		ACD5AF652350A9AD00A1DAA0 /* DexTestTests.swift in Sources */ = {isa = PBXBuildFile; fileRef = ACD5AF642350A9AD00A1DAA0 /* DexTestTests.swift */; };
/* End PBXBuildFile section */

/* Begin PBXContainerItemProxy section */
		ACD5AF612350A9AD00A1DAA0 /* PBXContainerItemProxy */ = {
			isa = PBXContainerItemProxy;
			containerPortal = ACD5AF3F2350A97000A1DAA0 /* Project object */;
			proxyType = 1;
			remoteGlobalIDString = ACD5AF462350A97000A1DAA0;
			remoteInfo = DexTest;
		};
/* End PBXContainerItemProxy section */

/* Begin PBXFileReference section */
		0D95E77514F2223B051740E9 /* Pods_DexTestTests.framework */ = {isa = PBXFileReference; explicitFileType = wrapper.framework; includeInIndex = 0; path = Pods_DexTestTests.framework; sourceTree = BUILT_PRODUCTS_DIR; };
		33EAFC1796D8855BF2D55C0A /* Pods-DexTestTests.release.xcconfig */ = {isa = PBXFileReference; includeInIndex = 1; lastKnownFileType = text.xcconfig; name = "Pods-DexTestTests.release.xcconfig"; path = "Target Support Files/Pods-DexTestTests/Pods-DexTestTests.release.xcconfig"; sourceTree = "<group>"; };
		58E1CD302C26C1DD0E484BBE /* Pods-DexTestTests.debug.xcconfig */ = {isa = PBXFileReference; includeInIndex = 1; lastKnownFileType = text.xcconfig; name = "Pods-DexTestTests.debug.xcconfig"; path = "Target Support Files/Pods-DexTestTests/Pods-DexTestTests.debug.xcconfig"; sourceTree = "<group>"; };
		ABB939DBB7F52D6859C77C52 /* Pods_DexTest.framework */ = {isa = PBXFileReference; explicitFileType = wrapper.framework; includeInIndex = 0; path = Pods_DexTest.framework; sourceTree = BUILT_PRODUCTS_DIR; };
		AC2493B32350AF2900112C73 /* HomePresenter.swift */ = {isa = PBXFileReference; lastKnownFileType = sourcecode.swift; path = HomePresenter.swift; sourceTree = "<group>"; };
		AC2493B52350AF8800112C73 /* ItemsDataSource.swift */ = {isa = PBXFileReference; lastKnownFileType = sourcecode.swift; path = ItemsDataSource.swift; sourceTree = "<group>"; };
		AC2493B92350AFED00112C73 /* Item.swift */ = {isa = PBXFileReference; lastKnownFileType = sourcecode.swift; path = Item.swift; sourceTree = "<group>"; };
		AC2493BB2350B11500112C73 /* BaseViewContract.swift */ = {isa = PBXFileReference; lastKnownFileType = sourcecode.swift; path = BaseViewContract.swift; sourceTree = "<group>"; };
		AC2493BD2350B14F00112C73 /* ItemsViewModel.swift */ = {isa = PBXFileReference; lastKnownFileType = sourcecode.swift; path = ItemsViewModel.swift; sourceTree = "<group>"; };
		AC2493C02350B3D300112C73 /* HomeViewContract.swift */ = {isa = PBXFileReference; lastKnownFileType = sourcecode.swift; path = HomeViewContract.swift; sourceTree = "<group>"; };
		AC2493C32350B61400112C73 /* HomeViewController.swift */ = {isa = PBXFileReference; lastKnownFileType = sourcecode.swift; path = HomeViewController.swift; sourceTree = "<group>"; };
		AC2493C42350B61400112C73 /* HomeViewController.xib */ = {isa = PBXFileReference; lastKnownFileType = file.xib; path = HomeViewController.xib; sourceTree = "<group>"; };
		AC2493C72350B90800112C73 /* ItemTableViewCell.swift */ = {isa = PBXFileReference; lastKnownFileType = sourcecode.swift; path = ItemTableViewCell.swift; sourceTree = "<group>"; };
		AC2493C82350B90800112C73 /* ItemTableViewCell.xib */ = {isa = PBXFileReference; lastKnownFileType = file.xib; path = ItemTableViewCell.xib; sourceTree = "<group>"; };
		AC2493CB2350BF0100112C73 /* ItemsRepository.swift */ = {isa = PBXFileReference; lastKnownFileType = sourcecode.swift; path = ItemsRepository.swift; sourceTree = "<group>"; };
		ACD5AF472350A97100A1DAA0 /* DexTest.app */ = {isa = PBXFileReference; explicitFileType = wrapper.application; includeInIndex = 0; path = DexTest.app; sourceTree = BUILT_PRODUCTS_DIR; };
		ACD5AF4A2350A97100A1DAA0 /* AppDelegate.swift */ = {isa = PBXFileReference; lastKnownFileType = sourcecode.swift; path = AppDelegate.swift; sourceTree = "<group>"; };
		ACD5AF4E2350A97100A1DAA0 /* ViewController.swift */ = {isa = PBXFileReference; lastKnownFileType = sourcecode.swift; path = ViewController.swift; sourceTree = "<group>"; };
		ACD5AF512350A97100A1DAA0 /* Base */ = {isa = PBXFileReference; lastKnownFileType = file.storyboard; name = Base; path = Base.lproj/Main.storyboard; sourceTree = "<group>"; };
		ACD5AF542350A97100A1DAA0 /* DexTest.xcdatamodel */ = {isa = PBXFileReference; lastKnownFileType = wrapper.xcdatamodel; path = DexTest.xcdatamodel; sourceTree = "<group>"; };
		ACD5AF562350A9AC00A1DAA0 /* Assets.xcassets */ = {isa = PBXFileReference; lastKnownFileType = folder.assetcatalog; path = Assets.xcassets; sourceTree = "<group>"; };
		ACD5AF592350A9AC00A1DAA0 /* Base */ = {isa = PBXFileReference; lastKnownFileType = file.storyboard; name = Base; path = Base.lproj/LaunchScreen.storyboard; sourceTree = "<group>"; };
		ACD5AF5B2350A9AC00A1DAA0 /* Info.plist */ = {isa = PBXFileReference; lastKnownFileType = text.plist.xml; path = Info.plist; sourceTree = "<group>"; };
		ACD5AF602350A9AD00A1DAA0 /* DexTestTests.xctest */ = {isa = PBXFileReference; explicitFileType = wrapper.cfbundle; includeInIndex = 0; path = DexTestTests.xctest; sourceTree = BUILT_PRODUCTS_DIR; };
		ACD5AF642350A9AD00A1DAA0 /* DexTestTests.swift */ = {isa = PBXFileReference; lastKnownFileType = sourcecode.swift; path = DexTestTests.swift; sourceTree = "<group>"; };
		ACD5AF662350A9AD00A1DAA0 /* Info.plist */ = {isa = PBXFileReference; lastKnownFileType = text.plist.xml; path = Info.plist; sourceTree = "<group>"; };
		B043A9494364935F725EBE2F /* Pods-DexTest.debug.xcconfig */ = {isa = PBXFileReference; includeInIndex = 1; lastKnownFileType = text.xcconfig; name = "Pods-DexTest.debug.xcconfig"; path = "Target Support Files/Pods-DexTest/Pods-DexTest.debug.xcconfig"; sourceTree = "<group>"; };
		EC5585EBC3FDDA7E1C697B4A /* Pods-DexTest.release.xcconfig */ = {isa = PBXFileReference; includeInIndex = 1; lastKnownFileType = text.xcconfig; name = "Pods-DexTest.release.xcconfig"; path = "Target Support Files/Pods-DexTest/Pods-DexTest.release.xcconfig"; sourceTree = "<group>"; };
/* End PBXFileReference section */

/* Begin PBXFrameworksBuildPhase section */
		ACD5AF442350A97000A1DAA0 /* Frameworks */ = {
			isa = PBXFrameworksBuildPhase;
			buildActionMask = 2147483647;
			files = (
				263F6F34152C3BE3C2AFA9B2 /* Pods_DexTest.framework in Frameworks */,
			);
			runOnlyForDeploymentPostprocessing = 0;
		};
		ACD5AF5D2350A9AD00A1DAA0 /* Frameworks */ = {
			isa = PBXFrameworksBuildPhase;
			buildActionMask = 2147483647;
			files = (
				7E5E89A2BB0689CE1276E31C /* Pods_DexTestTests.framework in Frameworks */,
			);
			runOnlyForDeploymentPostprocessing = 0;
		};
/* End PBXFrameworksBuildPhase section */

/* Begin PBXGroup section */
		0A2DCCA2955C6E9758D7F8BD /* Pods */ = {
			isa = PBXGroup;
			children = (
				B043A9494364935F725EBE2F /* Pods-DexTest.debug.xcconfig */,
				EC5585EBC3FDDA7E1C697B4A /* Pods-DexTest.release.xcconfig */,
				58E1CD302C26C1DD0E484BBE /* Pods-DexTestTests.debug.xcconfig */,
				33EAFC1796D8855BF2D55C0A /* Pods-DexTestTests.release.xcconfig */,
			);
			path = Pods;
			sourceTree = "<group>";
		};
		3005EA426042F925D194E7AB /* Frameworks */ = {
			isa = PBXGroup;
			children = (
				ABB939DBB7F52D6859C77C52 /* Pods_DexTest.framework */,
				0D95E77514F2223B051740E9 /* Pods_DexTestTests.framework */,
			);
			name = Frameworks;
			sourceTree = "<group>";
		};
		AC2493B72350AFBE00112C73 /* Model */ = {
			isa = PBXGroup;
			children = (
				AC2493B92350AFED00112C73 /* Item.swift */,
			);
			path = Model;
			sourceTree = "<group>";
		};
		AC2493B82350AFC200112C73 /* Use Cases */ = {
			isa = PBXGroup;
			children = (
				ACD5AF702350A9F300A1DAA0 /* Home */,
				AC2493BB2350B11500112C73 /* BaseViewContract.swift */,
			);
			path = "Use Cases";
			sourceTree = "<group>";
		};
		AC2493C22350B53F00112C73 /* View */ = {
			isa = PBXGroup;
			children = (
				AC2493C32350B61400112C73 /* HomeViewController.swift */,
				AC2493C72350B90800112C73 /* ItemTableViewCell.swift */,
				AC2493C82350B90800112C73 /* ItemTableViewCell.xib */,
				AC2493C42350B61400112C73 /* HomeViewController.xib */,
			);
			path = View;
			sourceTree = "<group>";
		};
		ACD5AF3E2350A97000A1DAA0 = {
			isa = PBXGroup;
			children = (
				ACD5AF492350A97100A1DAA0 /* DexTest */,
				ACD5AF632350A9AD00A1DAA0 /* DexTestTests */,
				ACD5AF482350A97100A1DAA0 /* Products */,
				0A2DCCA2955C6E9758D7F8BD /* Pods */,
				3005EA426042F925D194E7AB /* Frameworks */,
			);
			sourceTree = "<group>";
		};
		ACD5AF482350A97100A1DAA0 /* Products */ = {
			isa = PBXGroup;
			children = (
				ACD5AF472350A97100A1DAA0 /* DexTest.app */,
				ACD5AF602350A9AD00A1DAA0 /* DexTestTests.xctest */,
			);
			name = Products;
			sourceTree = "<group>";
		};
		ACD5AF492350A97100A1DAA0 /* DexTest */ = {
			isa = PBXGroup;
			children = (
				ACD5AF6F2350A9E500A1DAA0 /* Source */,
				ACD5AF4A2350A97100A1DAA0 /* AppDelegate.swift */,
				ACD5AF4E2350A97100A1DAA0 /* ViewController.swift */,
				ACD5AF502350A97100A1DAA0 /* Main.storyboard */,
				ACD5AF562350A9AC00A1DAA0 /* Assets.xcassets */,
				ACD5AF582350A9AC00A1DAA0 /* LaunchScreen.storyboard */,
				ACD5AF5B2350A9AC00A1DAA0 /* Info.plist */,
				ACD5AF532350A97100A1DAA0 /* DexTest.xcdatamodeld */,
			);
			path = DexTest;
			sourceTree = "<group>";
		};
		ACD5AF632350A9AD00A1DAA0 /* DexTestTests */ = {
			isa = PBXGroup;
			children = (
				ACD5AF642350A9AD00A1DAA0 /* DexTestTests.swift */,
				ACD5AF662350A9AD00A1DAA0 /* Info.plist */,
			);
			path = DexTestTests;
			sourceTree = "<group>";
		};
		ACD5AF6F2350A9E500A1DAA0 /* Source */ = {
			isa = PBXGroup;
			children = (
				AC2493B82350AFC200112C73 /* Use Cases */,
				AC2493B72350AFBE00112C73 /* Model */,
			);
			path = Source;
			sourceTree = "<group>";
		};
		ACD5AF702350A9F300A1DAA0 /* Home */ = {
			isa = PBXGroup;
			children = (
				AC2493C22350B53F00112C73 /* View */,
				AC2493B32350AF2900112C73 /* HomePresenter.swift */,
				AC2493BD2350B14F00112C73 /* ItemsViewModel.swift */,
				AC2493B52350AF8800112C73 /* ItemsDataSource.swift */,
				AC2493CB2350BF0100112C73 /* ItemsRepository.swift */,
				AC2493C02350B3D300112C73 /* HomeViewContract.swift */,
			);
			name = Home;
			path = "New Group";
			sourceTree = "<group>";
		};
/* End PBXGroup section */

/* Begin PBXNativeTarget section */
		ACD5AF462350A97000A1DAA0 /* DexTest */ = {
			isa = PBXNativeTarget;
			buildConfigurationList = ACD5AF692350A9AD00A1DAA0 /* Build configuration list for PBXNativeTarget "DexTest" */;
			buildPhases = (
				361709E731DB51643D30B62A /* [CP] Check Pods Manifest.lock */,
				ACD5AF432350A97000A1DAA0 /* Sources */,
				ACD5AF442350A97000A1DAA0 /* Frameworks */,
				ACD5AF452350A97000A1DAA0 /* Resources */,
				74C7C7A7BEF972A72FCC42EE /* [CP] Embed Pods Frameworks */,
			);
			buildRules = (
			);
			dependencies = (
			);
			name = DexTest;
			productName = DexTest;
			productReference = ACD5AF472350A97100A1DAA0 /* DexTest.app */;
			productType = "com.apple.product-type.application";
		};
		ACD5AF5F2350A9AD00A1DAA0 /* DexTestTests */ = {
			isa = PBXNativeTarget;
			buildConfigurationList = ACD5AF6C2350A9AD00A1DAA0 /* Build configuration list for PBXNativeTarget "DexTestTests" */;
			buildPhases = (
				2D6AEF4B0E2E7AEF4C3C2854 /* [CP] Check Pods Manifest.lock */,
				ACD5AF5C2350A9AD00A1DAA0 /* Sources */,
				ACD5AF5D2350A9AD00A1DAA0 /* Frameworks */,
				ACD5AF5E2350A9AD00A1DAA0 /* Resources */,
			);
			buildRules = (
			);
			dependencies = (
				ACD5AF622350A9AD00A1DAA0 /* PBXTargetDependency */,
			);
			name = DexTestTests;
			productName = DexTestTests;
			productReference = ACD5AF602350A9AD00A1DAA0 /* DexTestTests.xctest */;
			productType = "com.apple.product-type.bundle.unit-test";
		};
/* End PBXNativeTarget section */

/* Begin PBXProject section */
		ACD5AF3F2350A97000A1DAA0 /* Project object */ = {
			isa = PBXProject;
			attributes = {
				LastSwiftUpdateCheck = 1100;
				LastUpgradeCheck = 1100;
				ORGANIZATIONNAME = Ilhasoft;
				TargetAttributes = {
					ACD5AF462350A97000A1DAA0 = {
						CreatedOnToolsVersion = 11.0;
					};
					ACD5AF5F2350A9AD00A1DAA0 = {
						CreatedOnToolsVersion = 11.0;
						TestTargetID = ACD5AF462350A97000A1DAA0;
					};
				};
			};
			buildConfigurationList = ACD5AF422350A97000A1DAA0 /* Build configuration list for PBXProject "DexTest" */;
			compatibilityVersion = "Xcode 9.3";
			developmentRegion = en;
			hasScannedForEncodings = 0;
			knownRegions = (
				en,
				Base,
			);
			mainGroup = ACD5AF3E2350A97000A1DAA0;
			productRefGroup = ACD5AF482350A97100A1DAA0 /* Products */;
			projectDirPath = "";
			projectRoot = "";
			targets = (
				ACD5AF462350A97000A1DAA0 /* DexTest */,
				ACD5AF5F2350A9AD00A1DAA0 /* DexTestTests */,
			);
		};
/* End PBXProject section */

/* Begin PBXResourcesBuildPhase section */
		ACD5AF452350A97000A1DAA0 /* Resources */ = {
			isa = PBXResourcesBuildPhase;
			buildActionMask = 2147483647;
			files = (
				ACD5AF5A2350A9AC00A1DAA0 /* LaunchScreen.storyboard in Resources */,
				ACD5AF572350A9AC00A1DAA0 /* Assets.xcassets in Resources */,
				ACD5AF522350A97100A1DAA0 /* Main.storyboard in Resources */,
				AC2493CA2350B90800112C73 /* ItemTableViewCell.xib in Resources */,
				AC2493C62350B61400112C73 /* HomeViewController.xib in Resources */,
			);
			runOnlyForDeploymentPostprocessing = 0;
		};
		ACD5AF5E2350A9AD00A1DAA0 /* Resources */ = {
			isa = PBXResourcesBuildPhase;
			buildActionMask = 2147483647;
			files = (
			);
			runOnlyForDeploymentPostprocessing = 0;
		};
/* End PBXResourcesBuildPhase section */

/* Begin PBXShellScriptBuildPhase section */
		2D6AEF4B0E2E7AEF4C3C2854 /* [CP] Check Pods Manifest.lock */ = {
			isa = PBXShellScriptBuildPhase;
			buildActionMask = 2147483647;
			files = (
			);
			inputFileListPaths = (
			);
			inputPaths = (
				"${PODS_PODFILE_DIR_PATH}/Podfile.lock",
				"${PODS_ROOT}/Manifest.lock",
			);
			name = "[CP] Check Pods Manifest.lock";
			outputFileListPaths = (
			);
			outputPaths = (
				"$(DERIVED_FILE_DIR)/Pods-DexTestTests-checkManifestLockResult.txt",
			);
			runOnlyForDeploymentPostprocessing = 0;
			shellPath = /bin/sh;
			shellScript = "diff \"${PODS_PODFILE_DIR_PATH}/Podfile.lock\" \"${PODS_ROOT}/Manifest.lock\" > /dev/null\nif [ $? != 0 ] ; then\n    # print error to STDERR\n    echo \"error: The sandbox is not in sync with the Podfile.lock. Run 'pod install' or update your CocoaPods installation.\" >&2\n    exit 1\nfi\n# This output is used by Xcode 'outputs' to avoid re-running this script phase.\necho \"SUCCESS\" > \"${SCRIPT_OUTPUT_FILE_0}\"\n";
			showEnvVarsInLog = 0;
		};
		361709E731DB51643D30B62A /* [CP] Check Pods Manifest.lock */ = {
			isa = PBXShellScriptBuildPhase;
			buildActionMask = 2147483647;
			files = (
			);
			inputFileListPaths = (
			);
			inputPaths = (
				"${PODS_PODFILE_DIR_PATH}/Podfile.lock",
				"${PODS_ROOT}/Manifest.lock",
			);
			name = "[CP] Check Pods Manifest.lock";
			outputFileListPaths = (
			);
			outputPaths = (
				"$(DERIVED_FILE_DIR)/Pods-DexTest-checkManifestLockResult.txt",
			);
			runOnlyForDeploymentPostprocessing = 0;
			shellPath = /bin/sh;
			shellScript = "diff \"${PODS_PODFILE_DIR_PATH}/Podfile.lock\" \"${PODS_ROOT}/Manifest.lock\" > /dev/null\nif [ $? != 0 ] ; then\n    # print error to STDERR\n    echo \"error: The sandbox is not in sync with the Podfile.lock. Run 'pod install' or update your CocoaPods installation.\" >&2\n    exit 1\nfi\n# This output is used by Xcode 'outputs' to avoid re-running this script phase.\necho \"SUCCESS\" > \"${SCRIPT_OUTPUT_FILE_0}\"\n";
			showEnvVarsInLog = 0;
		};
		74C7C7A7BEF972A72FCC42EE /* [CP] Embed Pods Frameworks */ = {
			isa = PBXShellScriptBuildPhase;
			buildActionMask = 2147483647;
			files = (
			);
			inputFileListPaths = (
				"${PODS_ROOT}/Target Support Files/Pods-DexTest/Pods-DexTest-frameworks-${CONFIGURATION}-input-files.xcfilelist",
			);
			name = "[CP] Embed Pods Frameworks";
			outputFileListPaths = (
				"${PODS_ROOT}/Target Support Files/Pods-DexTest/Pods-DexTest-frameworks-${CONFIGURATION}-output-files.xcfilelist",
			);
			runOnlyForDeploymentPostprocessing = 0;
			shellPath = /bin/sh;
			shellScript = "\"${PODS_ROOT}/Target Support Files/Pods-DexTest/Pods-DexTest-frameworks.sh\"\n";
			showEnvVarsInLog = 0;
		};
/* End PBXShellScriptBuildPhase section */

/* Begin PBXSourcesBuildPhase section */
		ACD5AF432350A97000A1DAA0 /* Sources */ = {
			isa = PBXSourcesBuildPhase;
			buildActionMask = 2147483647;
			files = (
				ACD5AF4F2350A97100A1DAA0 /* ViewController.swift in Sources */,
				ACD5AF552350A97100A1DAA0 /* DexTest.xcdatamodeld in Sources */,
				ACD5AF4B2350A97100A1DAA0 /* AppDelegate.swift in Sources */,
				AC2493B62350AF8800112C73 /* ItemsDataSource.swift in Sources */,
				AC2493C92350B90800112C73 /* ItemTableViewCell.swift in Sources */,
				AC2493BA2350AFED00112C73 /* Item.swift in Sources */,
				AC2493CC2350BF0100112C73 /* ItemsRepository.swift in Sources */,
				AC2493BE2350B14F00112C73 /* ItemsViewModel.swift in Sources */,
				AC2493BC2350B11500112C73 /* BaseViewContract.swift in Sources */,
				AC2493C52350B61400112C73 /* HomeViewController.swift in Sources */,
				AC2493C12350B3D300112C73 /* HomeViewContract.swift in Sources */,
				AC2493B42350AF2900112C73 /* HomePresenter.swift in Sources */,
			);
			runOnlyForDeploymentPostprocessing = 0;
		};
		ACD5AF5C2350A9AD00A1DAA0 /* Sources */ = {
			isa = PBXSourcesBuildPhase;
			buildActionMask = 2147483647;
			files = (
				ACD5AF652350A9AD00A1DAA0 /* DexTestTests.swift in Sources */,
			);
			runOnlyForDeploymentPostprocessing = 0;
		};
/* End PBXSourcesBuildPhase section */

/* Begin PBXTargetDependency section */
		ACD5AF622350A9AD00A1DAA0 /* PBXTargetDependency */ = {
			isa = PBXTargetDependency;
			target = ACD5AF462350A97000A1DAA0 /* DexTest */;
			targetProxy = ACD5AF612350A9AD00A1DAA0 /* PBXContainerItemProxy */;
		};
/* End PBXTargetDependency section */

/* Begin PBXVariantGroup section */
		ACD5AF502350A97100A1DAA0 /* Main.storyboard */ = {
			isa = PBXVariantGroup;
			children = (
				ACD5AF512350A97100A1DAA0 /* Base */,
			);
			name = Main.storyboard;
			sourceTree = "<group>";
		};
		ACD5AF582350A9AC00A1DAA0 /* LaunchScreen.storyboard */ = {
			isa = PBXVariantGroup;
			children = (
				ACD5AF592350A9AC00A1DAA0 /* Base */,
			);
			name = LaunchScreen.storyboard;
			sourceTree = "<group>";
		};
/* End PBXVariantGroup section */

/* Begin XCBuildConfiguration section */
		ACD5AF672350A9AD00A1DAA0 /* Debug */ = {
			isa = XCBuildConfiguration;
			buildSettings = {
				ALWAYS_SEARCH_USER_PATHS = NO;
				CLANG_ANALYZER_NONNULL = YES;
				CLANG_ANALYZER_NUMBER_OBJECT_CONVERSION = YES_AGGRESSIVE;
				CLANG_CXX_LANGUAGE_STANDARD = "gnu++14";
				CLANG_CXX_LIBRARY = "libc++";
				CLANG_ENABLE_MODULES = YES;
				CLANG_ENABLE_OBJC_ARC = YES;
				CLANG_ENABLE_OBJC_WEAK = YES;
				CLANG_WARN_BLOCK_CAPTURE_AUTORELEASING = YES;
				CLANG_WARN_BOOL_CONVERSION = YES;
				CLANG_WARN_COMMA = YES;
				CLANG_WARN_CONSTANT_CONVERSION = YES;
				CLANG_WARN_DEPRECATED_OBJC_IMPLEMENTATIONS = YES;
				CLANG_WARN_DIRECT_OBJC_ISA_USAGE = YES_ERROR;
				CLANG_WARN_DOCUMENTATION_COMMENTS = YES;
				CLANG_WARN_EMPTY_BODY = YES;
				CLANG_WARN_ENUM_CONVERSION = YES;
				CLANG_WARN_INFINITE_RECURSION = YES;
				CLANG_WARN_INT_CONVERSION = YES;
				CLANG_WARN_NON_LITERAL_NULL_CONVERSION = YES;
				CLANG_WARN_OBJC_IMPLICIT_RETAIN_SELF = YES;
				CLANG_WARN_OBJC_LITERAL_CONVERSION = YES;
				CLANG_WARN_OBJC_ROOT_CLASS = YES_ERROR;
				CLANG_WARN_RANGE_LOOP_ANALYSIS = YES;
				CLANG_WARN_STRICT_PROTOTYPES = YES;
				CLANG_WARN_SUSPICIOUS_MOVE = YES;
				CLANG_WARN_UNGUARDED_AVAILABILITY = YES_AGGRESSIVE;
				CLANG_WARN_UNREACHABLE_CODE = YES;
				CLANG_WARN__DUPLICATE_METHOD_MATCH = YES;
				COPY_PHASE_STRIP = NO;
				DEBUG_INFORMATION_FORMAT = dwarf;
				ENABLE_STRICT_OBJC_MSGSEND = YES;
				ENABLE_TESTABILITY = YES;
				GCC_C_LANGUAGE_STANDARD = gnu11;
				GCC_DYNAMIC_NO_PIC = NO;
				GCC_NO_COMMON_BLOCKS = YES;
				GCC_OPTIMIZATION_LEVEL = 0;
				GCC_PREPROCESSOR_DEFINITIONS = (
					"DEBUG=1",
					"$(inherited)",
				);
				GCC_WARN_64_TO_32_BIT_CONVERSION = YES;
				GCC_WARN_ABOUT_RETURN_TYPE = YES_ERROR;
				GCC_WARN_UNDECLARED_SELECTOR = YES;
				GCC_WARN_UNINITIALIZED_AUTOS = YES_AGGRESSIVE;
				GCC_WARN_UNUSED_FUNCTION = YES;
				GCC_WARN_UNUSED_VARIABLE = YES;
				IPHONEOS_DEPLOYMENT_TARGET = 13.0;
				MTL_ENABLE_DEBUG_INFO = INCLUDE_SOURCE;
				MTL_FAST_MATH = YES;
				ONLY_ACTIVE_ARCH = YES;
				SDKROOT = iphoneos;
				SWIFT_ACTIVE_COMPILATION_CONDITIONS = DEBUG;
				SWIFT_OPTIMIZATION_LEVEL = "-Onone";
			};
			name = Debug;
		};
		ACD5AF682350A9AD00A1DAA0 /* Release */ = {
			isa = XCBuildConfiguration;
			buildSettings = {
				ALWAYS_SEARCH_USER_PATHS = NO;
				CLANG_ANALYZER_NONNULL = YES;
				CLANG_ANALYZER_NUMBER_OBJECT_CONVERSION = YES_AGGRESSIVE;
				CLANG_CXX_LANGUAGE_STANDARD = "gnu++14";
				CLANG_CXX_LIBRARY = "libc++";
				CLANG_ENABLE_MODULES = YES;
				CLANG_ENABLE_OBJC_ARC = YES;
				CLANG_ENABLE_OBJC_WEAK = YES;
				CLANG_WARN_BLOCK_CAPTURE_AUTORELEASING = YES;
				CLANG_WARN_BOOL_CONVERSION = YES;
				CLANG_WARN_COMMA = YES;
				CLANG_WARN_CONSTANT_CONVERSION = YES;
				CLANG_WARN_DEPRECATED_OBJC_IMPLEMENTATIONS = YES;
				CLANG_WARN_DIRECT_OBJC_ISA_USAGE = YES_ERROR;
				CLANG_WARN_DOCUMENTATION_COMMENTS = YES;
				CLANG_WARN_EMPTY_BODY = YES;
				CLANG_WARN_ENUM_CONVERSION = YES;
				CLANG_WARN_INFINITE_RECURSION = YES;
				CLANG_WARN_INT_CONVERSION = YES;
				CLANG_WARN_NON_LITERAL_NULL_CONVERSION = YES;
				CLANG_WARN_OBJC_IMPLICIT_RETAIN_SELF = YES;
				CLANG_WARN_OBJC_LITERAL_CONVERSION = YES;
				CLANG_WARN_OBJC_ROOT_CLASS = YES_ERROR;
				CLANG_WARN_RANGE_LOOP_ANALYSIS = YES;
				CLANG_WARN_STRICT_PROTOTYPES = YES;
				CLANG_WARN_SUSPICIOUS_MOVE = YES;
				CLANG_WARN_UNGUARDED_AVAILABILITY = YES_AGGRESSIVE;
				CLANG_WARN_UNREACHABLE_CODE = YES;
				CLANG_WARN__DUPLICATE_METHOD_MATCH = YES;
				COPY_PHASE_STRIP = NO;
				DEBUG_INFORMATION_FORMAT = "dwarf-with-dsym";
				ENABLE_NS_ASSERTIONS = NO;
				ENABLE_STRICT_OBJC_MSGSEND = YES;
				GCC_C_LANGUAGE_STANDARD = gnu11;
				GCC_NO_COMMON_BLOCKS = YES;
				GCC_WARN_64_TO_32_BIT_CONVERSION = YES;
				GCC_WARN_ABOUT_RETURN_TYPE = YES_ERROR;
				GCC_WARN_UNDECLARED_SELECTOR = YES;
				GCC_WARN_UNINITIALIZED_AUTOS = YES_AGGRESSIVE;
				GCC_WARN_UNUSED_FUNCTION = YES;
				GCC_WARN_UNUSED_VARIABLE = YES;
				IPHONEOS_DEPLOYMENT_TARGET = 13.0;
				MTL_ENABLE_DEBUG_INFO = NO;
				MTL_FAST_MATH = YES;
				SDKROOT = iphoneos;
				SWIFT_COMPILATION_MODE = wholemodule;
				SWIFT_OPTIMIZATION_LEVEL = "-O";
				VALIDATE_PRODUCT = YES;
			};
			name = Release;
		};
		ACD5AF6A2350A9AD00A1DAA0 /* Debug */ = {
			isa = XCBuildConfiguration;
			baseConfigurationReference = B043A9494364935F725EBE2F /* Pods-DexTest.debug.xcconfig */;
			buildSettings = {
				ASSETCATALOG_COMPILER_APPICON_NAME = AppIcon;
				CODE_SIGN_STYLE = Automatic;
				DEVELOPMENT_TEAM = 5SXSP5H4SY;
				INFOPLIST_FILE = DexTest/Info.plist;
				IPHONEOS_DEPLOYMENT_TARGET = 12.4;
				LD_RUNPATH_SEARCH_PATHS = (
					"$(inherited)",
					"@executable_path/Frameworks",
				);
				PRODUCT_BUNDLE_IDENTIFIER = br.com.ilhasoft.DexTest;
				PRODUCT_NAME = "$(TARGET_NAME)";
				SWIFT_VERSION = 5.0;
				TARGETED_DEVICE_FAMILY = 1;
			};
			name = Debug;
		};
		ACD5AF6B2350A9AD00A1DAA0 /* Release */ = {
			isa = XCBuildConfiguration;
			baseConfigurationReference = EC5585EBC3FDDA7E1C697B4A /* Pods-DexTest.release.xcconfig */;
			buildSettings = {
				ASSETCATALOG_COMPILER_APPICON_NAME = AppIcon;
				CODE_SIGN_STYLE = Automatic;
				DEVELOPMENT_TEAM = 5SXSP5H4SY;
				INFOPLIST_FILE = DexTest/Info.plist;
				IPHONEOS_DEPLOYMENT_TARGET = 12.4;
				LD_RUNPATH_SEARCH_PATHS = (
					"$(inherited)",
					"@executable_path/Frameworks",
				);
				PRODUCT_BUNDLE_IDENTIFIER = br.com.ilhasoft.DexTest;
				PRODUCT_NAME = "$(TARGET_NAME)";
				SWIFT_VERSION = 5.0;
				TARGETED_DEVICE_FAMILY = 1;
			};
			name = Release;
		};
		ACD5AF6D2350A9AD00A1DAA0 /* Debug */ = {
			isa = XCBuildConfiguration;
			baseConfigurationReference = 58E1CD302C26C1DD0E484BBE /* Pods-DexTestTests.debug.xcconfig */;
			buildSettings = {
				ALWAYS_EMBED_SWIFT_STANDARD_LIBRARIES = YES;
				BUNDLE_LOADER = "$(TEST_HOST)";
				CODE_SIGN_STYLE = Automatic;
				DEVELOPMENT_TEAM = 5SXSP5H4SY;
				INFOPLIST_FILE = DexTestTests/Info.plist;
				IPHONEOS_DEPLOYMENT_TARGET = 13.0;
				LD_RUNPATH_SEARCH_PATHS = (
					"$(inherited)",
					"@executable_path/Frameworks",
					"@loader_path/Frameworks",
				);
				PRODUCT_BUNDLE_IDENTIFIER = br.com.ilhasoft.DexTestTests;
				PRODUCT_NAME = "$(TARGET_NAME)";
				SWIFT_VERSION = 5.0;
				TARGETED_DEVICE_FAMILY = "1,2";
				TEST_HOST = "$(BUILT_PRODUCTS_DIR)/DexTest.app/DexTest";
			};
			name = Debug;
		};
		ACD5AF6E2350A9AD00A1DAA0 /* Release */ = {
			isa = XCBuildConfiguration;
			baseConfigurationReference = 33EAFC1796D8855BF2D55C0A /* Pods-DexTestTests.release.xcconfig */;
			buildSettings = {
				ALWAYS_EMBED_SWIFT_STANDARD_LIBRARIES = YES;
				BUNDLE_LOADER = "$(TEST_HOST)";
				CODE_SIGN_STYLE = Automatic;
				DEVELOPMENT_TEAM = 5SXSP5H4SY;
				INFOPLIST_FILE = DexTestTests/Info.plist;
				IPHONEOS_DEPLOYMENT_TARGET = 13.0;
				LD_RUNPATH_SEARCH_PATHS = (
					"$(inherited)",
					"@executable_path/Frameworks",
					"@loader_path/Frameworks",
				);
				PRODUCT_BUNDLE_IDENTIFIER = br.com.ilhasoft.DexTestTests;
				PRODUCT_NAME = "$(TARGET_NAME)";
				SWIFT_VERSION = 5.0;
				TARGETED_DEVICE_FAMILY = "1,2";
				TEST_HOST = "$(BUILT_PRODUCTS_DIR)/DexTest.app/DexTest";
			};
			name = Release;
		};
/* End XCBuildConfiguration section */

/* Begin XCConfigurationList section */
		ACD5AF422350A97000A1DAA0 /* Build configuration list for PBXProject "DexTest" */ = {
			isa = XCConfigurationList;
			buildConfigurations = (
				ACD5AF672350A9AD00A1DAA0 /* Debug */,
				ACD5AF682350A9AD00A1DAA0 /* Release */,
			);
			defaultConfigurationIsVisible = 0;
			defaultConfigurationName = Release;
		};
		ACD5AF692350A9AD00A1DAA0 /* Build configuration list for PBXNativeTarget "DexTest" */ = {
			isa = XCConfigurationList;
			buildConfigurations = (
				ACD5AF6A2350A9AD00A1DAA0 /* Debug */,
				ACD5AF6B2350A9AD00A1DAA0 /* Release */,
			);
			defaultConfigurationIsVisible = 0;
			defaultConfigurationName = Release;
		};
		ACD5AF6C2350A9AD00A1DAA0 /* Build configuration list for PBXNativeTarget "DexTestTests" */ = {
			isa = XCConfigurationList;
			buildConfigurations = (
				ACD5AF6D2350A9AD00A1DAA0 /* Debug */,
				ACD5AF6E2350A9AD00A1DAA0 /* Release */,
			);
			defaultConfigurationIsVisible = 0;
			defaultConfigurationName = Release;
		};
/* End XCConfigurationList section */

/* Begin XCVersionGroup section */
		ACD5AF532350A97100A1DAA0 /* DexTest.xcdatamodeld */ = {
			isa = XCVersionGroup;
			children = (
				ACD5AF542350A97100A1DAA0 /* DexTest.xcdatamodel */,
			);
			currentVersion = ACD5AF542350A97100A1DAA0 /* DexTest.xcdatamodel */;
			path = DexTest.xcdatamodeld;
			sourceTree = "<group>";
			versionGroupType = wrapper.xcdatamodel;
		};
/* End XCVersionGroup section */
	};
	rootObject = ACD5AF3F2350A97000A1DAA0 /* Project object */;
}
